
Microsoft Visual Studio Solution File, Format Version 12.00
# Visual Studio Version 17
VisualStudioVersion = 17.3.32929.385
MinimumVisualStudioVersion = 10.0.40219.1
Project("{FAE04EC0-301F-11D3-BF4B-00C04F79EFBC}") = "KerbalHealth", "KerbalHealth.csproj", "{75746849-FC55-40D3-BE28-7076DF47FDBD}"
EndProject
Global
	GlobalSection(SolutionConfigurationPlatforms) = preSolution
		Debug|Any CPU = Debug|Any CPU
		Release|Any CPU = Release|Any CPU
	EndGlobalSection
	GlobalSection(ProjectConfigurationPlatforms) = postSolution
		{75746849-FC55-40D3-BE28-7076DF47FDBD}.Debug|Any CPU.ActiveCfg = Debug|Any CPU
		{75746849-FC55-40D3-BE28-7076DF47FDBD}.Debug|Any CPU.Build.0 = Debug|Any CPU
		{75746849-FC55-40D3-BE28-7076DF47FDBD}.Release|Any CPU.ActiveCfg = Release|Any CPU
		{75746849-FC55-40D3-BE28-7076DF47FDBD}.Release|Any CPU.Build.0 = Release|Any CPU
	EndGlobalSection
	GlobalSection(SolutionProperties) = preSolution
		HideSolutionNode = FALSE
	EndGlobalSection
	GlobalSection(ExtensibilityGlobals) = postSolution
		SolutionGuid = {8F834B3C-18BD-485B-9EE9-FA3BD79111C6}
	EndGlobalSection
EndGlobal
