
Microsoft Visual Studio Solution File, Format Version 12.00
# Visual Studio 14
VisualStudioVersion = 14.0.25420.1
MinimumVisualStudioVersion = 10.0.40219.1
Project("{FAE04EC0-301F-11D3-BF4B-00C04F79EFBC}") = "KerbalHealth", "KerbalHealth.csproj", "{75746849-FC55-40D3-BE28-7076DF47FDBD}"
EndProject
Project("{2150E333-8FDC-42A3-9474-1A3956D46DE8}") = "Solution Items", "Solution Items", "{1E4A062D-153B-4204-B164-9BF32DD2B5AB}"
	ProjectSection(SolutionItems) = preProject
		KHStock.cfg = KHStock.cfg
	EndProjectSection
EndProject
Global
	GlobalSection(SolutionConfigurationPlatforms) = preSolution
		Debug|Any CPU = Debug|Any CPU
		Release|Any CPU = Release|Any CPU
	EndGlobalSection
	GlobalSection(ProjectConfigurationPlatforms) = postSolution
		{75746849-FC55-40D3-BE28-7076DF47FDBD}.Debug|Any CPU.ActiveCfg = Debug|Any CPU
		{75746849-FC55-40D3-BE28-7076DF47FDBD}.Debug|Any CPU.Build.0 = Debug|Any CPU
		{75746849-FC55-40D3-BE28-7076DF47FDBD}.Release|Any CPU.ActiveCfg = Release|Any CPU
		{75746849-FC55-40D3-BE28-7076DF47FDBD}.Release|Any CPU.Build.0 = Release|Any CPU
	EndGlobalSection
	GlobalSection(SolutionProperties) = preSolution
		HideSolutionNode = FALSE
	EndGlobalSection
EndGlobal
